
Microsoft Visual Studio Solution File, Format Version 12.00
# Visual Studio Version 17
VisualStudioVersion = 17.8.34525.116
MinimumVisualStudioVersion = 10.0.40219.1
Project("{FAE04EC0-301F-11D3-BF4B-00C04F79EFBC}") = "SingleResponsibility", "SingleResponsibility\SingleResponsibility.csproj", "{88CAC0EA-2B04-4015-BC1E-C26776F29D46}"
EndProject
Project("{FAE04EC0-301F-11D3-BF4B-00C04F79EFBC}") = "OpenClosed", "OpenClosed\OpenClosed.csproj", "{B18D6387-A4FC-448D-B9FD-53998F542C79}"
EndProject
Global
	GlobalSection(SolutionConfigurationPlatforms) = preSolution
		Debug|Any CPU = Debug|Any CPU
		Release|Any CPU = Release|Any CPU
	EndGlobalSection
	GlobalSection(ProjectConfigurationPlatforms) = postSolution
		{88CAC0EA-2B04-4015-BC1E-C26776F29D46}.Debug|Any CPU.ActiveCfg = Debug|Any CPU
		{88CAC0EA-2B04-4015-BC1E-C26776F29D46}.Debug|Any CPU.Build.0 = Debug|Any CPU
		{88CAC0EA-2B04-4015-BC1E-C26776F29D46}.Release|Any CPU.ActiveCfg = Release|Any CPU
		{88CAC0EA-2B04-4015-BC1E-C26776F29D46}.Release|Any CPU.Build.0 = Release|Any CPU
		{B18D6387-A4FC-448D-B9FD-53998F542C79}.Debug|Any CPU.ActiveCfg = Debug|Any CPU
		{B18D6387-A4FC-448D-B9FD-53998F542C79}.Debug|Any CPU.Build.0 = Debug|Any CPU
		{B18D6387-A4FC-448D-B9FD-53998F542C79}.Release|Any CPU.ActiveCfg = Release|Any CPU
		{B18D6387-A4FC-448D-B9FD-53998F542C79}.Release|Any CPU.Build.0 = Release|Any CPU
	EndGlobalSection
	GlobalSection(SolutionProperties) = preSolution
		HideSolutionNode = FALSE
	EndGlobalSection
	GlobalSection(ExtensibilityGlobals) = postSolution
		SolutionGuid = {3FDFC836-1CFA-42A7-B66A-15F1D934F9A7}
	EndGlobalSection
EndGlobal
