
Microsoft Visual Studio Solution File, Format Version 12.00
# Visual Studio Version 17
VisualStudioVersion = 17.8.34525.116
MinimumVisualStudioVersion = 10.0.40219.1
Project("{2150E333-8FDC-42A3-9474-1A3956D46DE8}") = "Creational", "Creational", "{6D764523-40D6-432F-B805-1827565AC4B4}"
EndProject
Project("{9A19103F-16F7-4668-BE54-9A1E7A4F7556}") = "Factory", "Creational\Factory\Factory.csproj", "{B0CAFBF8-101F-4E07-AD27-A4381EC7B68A}"
EndProject
Project("{9A19103F-16F7-4668-BE54-9A1E7A4F7556}") = "AbstractFactory", "Creational\AbstractFactory\AbstractFactory.csproj", "{FB2D3E83-A49C-475D-8AED-E2A17412EFC4}"
EndProject
Project("{9A19103F-16F7-4668-BE54-9A1E7A4F7556}") = "Builder", "Creational\Builder\Builder.csproj", "{6713B43F-95FD-4A6C-8349-1D904AF84ACA}"
EndProject
Project("{FAE04EC0-301F-11D3-BF4B-00C04F79EFBC}") = "Prototype", "Creational\Prototype\Prototype.csproj", "{4FFB8B58-356F-49BF-B6B6-91F0B81396CD}"
EndProject
Project("{2150E333-8FDC-42A3-9474-1A3956D46DE8}") = "Structural", "Structural", "{907969DB-D4C9-474F-AAB2-23C2205C923F}"
EndProject
Project("{FAE04EC0-301F-11D3-BF4B-00C04F79EFBC}") = "Adapter", "Structural\Adapter\Adapter.csproj", "{299E53C6-F5B6-4F90-BAB9-D2051870EA56}"
EndProject
Project("{9A19103F-16F7-4668-BE54-9A1E7A4F7556}") = "Singleton", "Creational\Singleton\Singleton.csproj", "{E6067CAA-9256-4498-8172-6E2FA8CFF7D7}"
EndProject
Project("{FAE04EC0-301F-11D3-BF4B-00C04F79EFBC}") = "Decorator", "Structural\Decorator\Decorator.csproj", "{BFB822BD-82CC-4EB9-A056-1BEE19AD3A13}"
EndProject
Project("{9A19103F-16F7-4668-BE54-9A1E7A4F7556}") = "Bridge", "Structural\Bridge\Bridge.csproj", "{446AE495-CBA3-45E7-A34E-D793000F207A}"
EndProject
Project("{9A19103F-16F7-4668-BE54-9A1E7A4F7556}") = "Composite", "Structural\Composite\Composite.csproj", "{C0C7647C-F808-451D-A334-5C8A76553F25}"
EndProject
Project("{9A19103F-16F7-4668-BE54-9A1E7A4F7556}") = "Facade", "Structural\Facade\Facade.csproj", "{0271929A-99F7-489E-9DE0-126D68AE1863}"
EndProject
Project("{9A19103F-16F7-4668-BE54-9A1E7A4F7556}") = "Flyweight", "Structural\Flyweight\Flyweight.csproj", "{90C0A61F-77EA-4BF9-A61F-8625F55FF9FC}"
EndProject
Project("{FAE04EC0-301F-11D3-BF4B-00C04F79EFBC}") = "Proxy", "Structural\Proxy\Proxy.csproj", "{88819E18-E259-4CB7-91C4-17400757DECA}"
EndProject
Project("{2150E333-8FDC-42A3-9474-1A3956D46DE8}") = "Behavioral", "Behavioral", "{5A4E0BE1-293A-40D7-8FB5-0B2057BAFFDB}"
EndProject
Project("{FAE04EC0-301F-11D3-BF4B-00C04F79EFBC}") = "ChainOfResponsibilty", "Behavioral\ChainOfResponsibilty\ChainOfResponsibilty.csproj", "{54D490B9-FF0B-417F-85CF-F5974A73FCC4}"
EndProject
Project("{FAE04EC0-301F-11D3-BF4B-00C04F79EFBC}") = "Command", "Behavioral\Command\Command.csproj", "{2BCDB1C9-B07F-4B90-8CB8-27AF3BE19115}"
EndProject
Project("{9A19103F-16F7-4668-BE54-9A1E7A4F7556}") = "Interpreter", "Behavioral\Interpreter\Interpreter.csproj", "{66658A51-07E5-4E4E-B769-7C22D23345F8}"
EndProject
Project("{FAE04EC0-301F-11D3-BF4B-00C04F79EFBC}") = "Iterator", "Behavioral\Iterator\Iterator.csproj", "{DBC8B294-DD4B-4C0D-BD9B-6A7F99E04F71}"
EndProject
Project("{FAE04EC0-301F-11D3-BF4B-00C04F79EFBC}") = "Mediator", "Behavioral\Mediator\Mediator.csproj", "{24AF6161-58E4-4E39-93E3-853ED02B5025}"
EndProject
Project("{9A19103F-16F7-4668-BE54-9A1E7A4F7556}") = "Memento", "Behavioral\Memento\Memento.csproj", "{E96FE2F5-A221-4557-AE6C-69E30194B794}"
EndProject
Project("{9A19103F-16F7-4668-BE54-9A1E7A4F7556}") = "Observer", "Behavioral\Observer\Observer.csproj", "{4029DCD6-FEC5-4327-8FA1-3C31AFCFF62D}"
EndProject
Project("{9A19103F-16F7-4668-BE54-9A1E7A4F7556}") = "Strategy", "Behavioral\Strategy\Strategy.csproj", "{4073B1D0-4E4D-43AB-9A83-56ADCED5D04A}"
EndProject
Project("{FAE04EC0-301F-11D3-BF4B-00C04F79EFBC}") = "State", "Behavioral\State\State.csproj", "{76F1E59E-BE10-40C9-B93E-847FE4502F63}"
EndProject
Project("{9A19103F-16F7-4668-BE54-9A1E7A4F7556}") = "TemplateMethod", "Behavioral\TemplateMethod\TemplateMethod.csproj", "{6E4470F5-B9D7-4C00-8B1C-DF9D31FCB06C}"
EndProject
Project("{FAE04EC0-301F-11D3-BF4B-00C04F79EFBC}") = "Visitor", "Behavioral\Visitor\Visitor.csproj", "{7247DA76-01CE-47AA-B3B6-7083B3275349}"
EndProject
Global
	GlobalSection(SolutionConfigurationPlatforms) = preSolution
		Debug|Any CPU = Debug|Any CPU
		Release|Any CPU = Release|Any CPU
	EndGlobalSection
	GlobalSection(ProjectConfigurationPlatforms) = postSolution
		{B0CAFBF8-101F-4E07-AD27-A4381EC7B68A}.Debug|Any CPU.ActiveCfg = Debug|Any CPU
		{B0CAFBF8-101F-4E07-AD27-A4381EC7B68A}.Debug|Any CPU.Build.0 = Debug|Any CPU
		{B0CAFBF8-101F-4E07-AD27-A4381EC7B68A}.Release|Any CPU.ActiveCfg = Release|Any CPU
		{B0CAFBF8-101F-4E07-AD27-A4381EC7B68A}.Release|Any CPU.Build.0 = Release|Any CPU
		{FB2D3E83-A49C-475D-8AED-E2A17412EFC4}.Debug|Any CPU.ActiveCfg = Debug|Any CPU
		{FB2D3E83-A49C-475D-8AED-E2A17412EFC4}.Debug|Any CPU.Build.0 = Debug|Any CPU
		{FB2D3E83-A49C-475D-8AED-E2A17412EFC4}.Release|Any CPU.ActiveCfg = Release|Any CPU
		{FB2D3E83-A49C-475D-8AED-E2A17412EFC4}.Release|Any CPU.Build.0 = Release|Any CPU
		{6713B43F-95FD-4A6C-8349-1D904AF84ACA}.Debug|Any CPU.ActiveCfg = Debug|Any CPU
		{6713B43F-95FD-4A6C-8349-1D904AF84ACA}.Debug|Any CPU.Build.0 = Debug|Any CPU
		{6713B43F-95FD-4A6C-8349-1D904AF84ACA}.Release|Any CPU.ActiveCfg = Release|Any CPU
		{6713B43F-95FD-4A6C-8349-1D904AF84ACA}.Release|Any CPU.Build.0 = Release|Any CPU
		{4FFB8B58-356F-49BF-B6B6-91F0B81396CD}.Debug|Any CPU.ActiveCfg = Debug|Any CPU
		{4FFB8B58-356F-49BF-B6B6-91F0B81396CD}.Debug|Any CPU.Build.0 = Debug|Any CPU
		{4FFB8B58-356F-49BF-B6B6-91F0B81396CD}.Release|Any CPU.ActiveCfg = Release|Any CPU
		{4FFB8B58-356F-49BF-B6B6-91F0B81396CD}.Release|Any CPU.Build.0 = Release|Any CPU
		{299E53C6-F5B6-4F90-BAB9-D2051870EA56}.Debug|Any CPU.ActiveCfg = Debug|Any CPU
		{299E53C6-F5B6-4F90-BAB9-D2051870EA56}.Debug|Any CPU.Build.0 = Debug|Any CPU
		{299E53C6-F5B6-4F90-BAB9-D2051870EA56}.Release|Any CPU.ActiveCfg = Release|Any CPU
		{299E53C6-F5B6-4F90-BAB9-D2051870EA56}.Release|Any CPU.Build.0 = Release|Any CPU
		{E6067CAA-9256-4498-8172-6E2FA8CFF7D7}.Debug|Any CPU.ActiveCfg = Debug|Any CPU
		{E6067CAA-9256-4498-8172-6E2FA8CFF7D7}.Debug|Any CPU.Build.0 = Debug|Any CPU
		{E6067CAA-9256-4498-8172-6E2FA8CFF7D7}.Release|Any CPU.ActiveCfg = Release|Any CPU
		{E6067CAA-9256-4498-8172-6E2FA8CFF7D7}.Release|Any CPU.Build.0 = Release|Any CPU
		{BFB822BD-82CC-4EB9-A056-1BEE19AD3A13}.Debug|Any CPU.ActiveCfg = Debug|Any CPU
		{BFB822BD-82CC-4EB9-A056-1BEE19AD3A13}.Debug|Any CPU.Build.0 = Debug|Any CPU
		{BFB822BD-82CC-4EB9-A056-1BEE19AD3A13}.Release|Any CPU.ActiveCfg = Release|Any CPU
		{BFB822BD-82CC-4EB9-A056-1BEE19AD3A13}.Release|Any CPU.Build.0 = Release|Any CPU
		{446AE495-CBA3-45E7-A34E-D793000F207A}.Debug|Any CPU.ActiveCfg = Debug|Any CPU
		{446AE495-CBA3-45E7-A34E-D793000F207A}.Debug|Any CPU.Build.0 = Debug|Any CPU
		{446AE495-CBA3-45E7-A34E-D793000F207A}.Release|Any CPU.ActiveCfg = Release|Any CPU
		{446AE495-CBA3-45E7-A34E-D793000F207A}.Release|Any CPU.Build.0 = Release|Any CPU
		{C0C7647C-F808-451D-A334-5C8A76553F25}.Debug|Any CPU.ActiveCfg = Debug|Any CPU
		{C0C7647C-F808-451D-A334-5C8A76553F25}.Debug|Any CPU.Build.0 = Debug|Any CPU
		{C0C7647C-F808-451D-A334-5C8A76553F25}.Release|Any CPU.ActiveCfg = Release|Any CPU
		{C0C7647C-F808-451D-A334-5C8A76553F25}.Release|Any CPU.Build.0 = Release|Any CPU
		{0271929A-99F7-489E-9DE0-126D68AE1863}.Debug|Any CPU.ActiveCfg = Debug|Any CPU
		{0271929A-99F7-489E-9DE0-126D68AE1863}.Debug|Any CPU.Build.0 = Debug|Any CPU
		{0271929A-99F7-489E-9DE0-126D68AE1863}.Release|Any CPU.ActiveCfg = Release|Any CPU
		{0271929A-99F7-489E-9DE0-126D68AE1863}.Release|Any CPU.Build.0 = Release|Any CPU
		{90C0A61F-77EA-4BF9-A61F-8625F55FF9FC}.Debug|Any CPU.ActiveCfg = Debug|Any CPU
		{90C0A61F-77EA-4BF9-A61F-8625F55FF9FC}.Debug|Any CPU.Build.0 = Debug|Any CPU
		{90C0A61F-77EA-4BF9-A61F-8625F55FF9FC}.Release|Any CPU.ActiveCfg = Release|Any CPU
		{90C0A61F-77EA-4BF9-A61F-8625F55FF9FC}.Release|Any CPU.Build.0 = Release|Any CPU
		{88819E18-E259-4CB7-91C4-17400757DECA}.Debug|Any CPU.ActiveCfg = Debug|Any CPU
		{88819E18-E259-4CB7-91C4-17400757DECA}.Debug|Any CPU.Build.0 = Debug|Any CPU
		{88819E18-E259-4CB7-91C4-17400757DECA}.Release|Any CPU.ActiveCfg = Release|Any CPU
		{88819E18-E259-4CB7-91C4-17400757DECA}.Release|Any CPU.Build.0 = Release|Any CPU
		{54D490B9-FF0B-417F-85CF-F5974A73FCC4}.Debug|Any CPU.ActiveCfg = Debug|Any CPU
		{54D490B9-FF0B-417F-85CF-F5974A73FCC4}.Debug|Any CPU.Build.0 = Debug|Any CPU
		{54D490B9-FF0B-417F-85CF-F5974A73FCC4}.Release|Any CPU.ActiveCfg = Release|Any CPU
		{54D490B9-FF0B-417F-85CF-F5974A73FCC4}.Release|Any CPU.Build.0 = Release|Any CPU
		{2BCDB1C9-B07F-4B90-8CB8-27AF3BE19115}.Debug|Any CPU.ActiveCfg = Debug|Any CPU
		{2BCDB1C9-B07F-4B90-8CB8-27AF3BE19115}.Debug|Any CPU.Build.0 = Debug|Any CPU
		{2BCDB1C9-B07F-4B90-8CB8-27AF3BE19115}.Release|Any CPU.ActiveCfg = Release|Any CPU
		{2BCDB1C9-B07F-4B90-8CB8-27AF3BE19115}.Release|Any CPU.Build.0 = Release|Any CPU
		{66658A51-07E5-4E4E-B769-7C22D23345F8}.Debug|Any CPU.ActiveCfg = Debug|Any CPU
		{66658A51-07E5-4E4E-B769-7C22D23345F8}.Debug|Any CPU.Build.0 = Debug|Any CPU
		{66658A51-07E5-4E4E-B769-7C22D23345F8}.Release|Any CPU.ActiveCfg = Release|Any CPU
		{66658A51-07E5-4E4E-B769-7C22D23345F8}.Release|Any CPU.Build.0 = Release|Any CPU
		{DBC8B294-DD4B-4C0D-BD9B-6A7F99E04F71}.Debug|Any CPU.ActiveCfg = Debug|Any CPU
		{DBC8B294-DD4B-4C0D-BD9B-6A7F99E04F71}.Debug|Any CPU.Build.0 = Debug|Any CPU
		{DBC8B294-DD4B-4C0D-BD9B-6A7F99E04F71}.Release|Any CPU.ActiveCfg = Release|Any CPU
		{DBC8B294-DD4B-4C0D-BD9B-6A7F99E04F71}.Release|Any CPU.Build.0 = Release|Any CPU
		{24AF6161-58E4-4E39-93E3-853ED02B5025}.Debug|Any CPU.ActiveCfg = Debug|Any CPU
		{24AF6161-58E4-4E39-93E3-853ED02B5025}.Debug|Any CPU.Build.0 = Debug|Any CPU
		{24AF6161-58E4-4E39-93E3-853ED02B5025}.Release|Any CPU.ActiveCfg = Release|Any CPU
		{24AF6161-58E4-4E39-93E3-853ED02B5025}.Release|Any CPU.Build.0 = Release|Any CPU
		{E96FE2F5-A221-4557-AE6C-69E30194B794}.Debug|Any CPU.ActiveCfg = Debug|Any CPU
		{E96FE2F5-A221-4557-AE6C-69E30194B794}.Debug|Any CPU.Build.0 = Debug|Any CPU
		{E96FE2F5-A221-4557-AE6C-69E30194B794}.Release|Any CPU.ActiveCfg = Release|Any CPU
		{E96FE2F5-A221-4557-AE6C-69E30194B794}.Release|Any CPU.Build.0 = Release|Any CPU
		{4029DCD6-FEC5-4327-8FA1-3C31AFCFF62D}.Debug|Any CPU.ActiveCfg = Debug|Any CPU
		{4029DCD6-FEC5-4327-8FA1-3C31AFCFF62D}.Debug|Any CPU.Build.0 = Debug|Any CPU
		{4029DCD6-FEC5-4327-8FA1-3C31AFCFF62D}.Release|Any CPU.ActiveCfg = Release|Any CPU
		{4029DCD6-FEC5-4327-8FA1-3C31AFCFF62D}.Release|Any CPU.Build.0 = Release|Any CPU
		{4073B1D0-4E4D-43AB-9A83-56ADCED5D04A}.Debug|Any CPU.ActiveCfg = Debug|Any CPU
		{4073B1D0-4E4D-43AB-9A83-56ADCED5D04A}.Debug|Any CPU.Build.0 = Debug|Any CPU
		{4073B1D0-4E4D-43AB-9A83-56ADCED5D04A}.Release|Any CPU.ActiveCfg = Release|Any CPU
		{4073B1D0-4E4D-43AB-9A83-56ADCED5D04A}.Release|Any CPU.Build.0 = Release|Any CPU
		{76F1E59E-BE10-40C9-B93E-847FE4502F63}.Debug|Any CPU.ActiveCfg = Debug|Any CPU
		{76F1E59E-BE10-40C9-B93E-847FE4502F63}.Debug|Any CPU.Build.0 = Debug|Any CPU
		{76F1E59E-BE10-40C9-B93E-847FE4502F63}.Release|Any CPU.ActiveCfg = Release|Any CPU
		{76F1E59E-BE10-40C9-B93E-847FE4502F63}.Release|Any CPU.Build.0 = Release|Any CPU
		{6E4470F5-B9D7-4C00-8B1C-DF9D31FCB06C}.Debug|Any CPU.ActiveCfg = Debug|Any CPU
		{6E4470F5-B9D7-4C00-8B1C-DF9D31FCB06C}.Debug|Any CPU.Build.0 = Debug|Any CPU
		{6E4470F5-B9D7-4C00-8B1C-DF9D31FCB06C}.Release|Any CPU.ActiveCfg = Release|Any CPU
		{6E4470F5-B9D7-4C00-8B1C-DF9D31FCB06C}.Release|Any CPU.Build.0 = Release|Any CPU
		{7247DA76-01CE-47AA-B3B6-7083B3275349}.Debug|Any CPU.ActiveCfg = Debug|Any CPU
		{7247DA76-01CE-47AA-B3B6-7083B3275349}.Debug|Any CPU.Build.0 = Debug|Any CPU
		{7247DA76-01CE-47AA-B3B6-7083B3275349}.Release|Any CPU.ActiveCfg = Release|Any CPU
		{7247DA76-01CE-47AA-B3B6-7083B3275349}.Release|Any CPU.Build.0 = Release|Any CPU
	EndGlobalSection
	GlobalSection(SolutionProperties) = preSolution
		HideSolutionNode = FALSE
	EndGlobalSection
	GlobalSection(NestedProjects) = preSolution
		{B0CAFBF8-101F-4E07-AD27-A4381EC7B68A} = {6D764523-40D6-432F-B805-1827565AC4B4}
		{FB2D3E83-A49C-475D-8AED-E2A17412EFC4} = {6D764523-40D6-432F-B805-1827565AC4B4}
		{6713B43F-95FD-4A6C-8349-1D904AF84ACA} = {6D764523-40D6-432F-B805-1827565AC4B4}
		{4FFB8B58-356F-49BF-B6B6-91F0B81396CD} = {6D764523-40D6-432F-B805-1827565AC4B4}
		{299E53C6-F5B6-4F90-BAB9-D2051870EA56} = {907969DB-D4C9-474F-AAB2-23C2205C923F}
		{E6067CAA-9256-4498-8172-6E2FA8CFF7D7} = {6D764523-40D6-432F-B805-1827565AC4B4}
		{BFB822BD-82CC-4EB9-A056-1BEE19AD3A13} = {907969DB-D4C9-474F-AAB2-23C2205C923F}
		{446AE495-CBA3-45E7-A34E-D793000F207A} = {907969DB-D4C9-474F-AAB2-23C2205C923F}
		{C0C7647C-F808-451D-A334-5C8A76553F25} = {907969DB-D4C9-474F-AAB2-23C2205C923F}
		{0271929A-99F7-489E-9DE0-126D68AE1863} = {907969DB-D4C9-474F-AAB2-23C2205C923F}
		{90C0A61F-77EA-4BF9-A61F-8625F55FF9FC} = {907969DB-D4C9-474F-AAB2-23C2205C923F}
		{88819E18-E259-4CB7-91C4-17400757DECA} = {907969DB-D4C9-474F-AAB2-23C2205C923F}
		{54D490B9-FF0B-417F-85CF-F5974A73FCC4} = {5A4E0BE1-293A-40D7-8FB5-0B2057BAFFDB}
		{2BCDB1C9-B07F-4B90-8CB8-27AF3BE19115} = {5A4E0BE1-293A-40D7-8FB5-0B2057BAFFDB}
		{66658A51-07E5-4E4E-B769-7C22D23345F8} = {5A4E0BE1-293A-40D7-8FB5-0B2057BAFFDB}
		{DBC8B294-DD4B-4C0D-BD9B-6A7F99E04F71} = {5A4E0BE1-293A-40D7-8FB5-0B2057BAFFDB}
		{24AF6161-58E4-4E39-93E3-853ED02B5025} = {5A4E0BE1-293A-40D7-8FB5-0B2057BAFFDB}
		{E96FE2F5-A221-4557-AE6C-69E30194B794} = {5A4E0BE1-293A-40D7-8FB5-0B2057BAFFDB}
		{4029DCD6-FEC5-4327-8FA1-3C31AFCFF62D} = {5A4E0BE1-293A-40D7-8FB5-0B2057BAFFDB}
		{4073B1D0-4E4D-43AB-9A83-56ADCED5D04A} = {5A4E0BE1-293A-40D7-8FB5-0B2057BAFFDB}
		{76F1E59E-BE10-40C9-B93E-847FE4502F63} = {5A4E0BE1-293A-40D7-8FB5-0B2057BAFFDB}
		{6E4470F5-B9D7-4C00-8B1C-DF9D31FCB06C} = {5A4E0BE1-293A-40D7-8FB5-0B2057BAFFDB}
		{7247DA76-01CE-47AA-B3B6-7083B3275349} = {5A4E0BE1-293A-40D7-8FB5-0B2057BAFFDB}
	EndGlobalSection
	GlobalSection(ExtensibilityGlobals) = postSolution
		SolutionGuid = {688699FE-C168-4B7A-B9B1-91AF6852F8FE}
	EndGlobalSection
EndGlobal
